
Microsoft Visual Studio Solution File, Format Version 12.00
# Visual Studio Version 17
VisualStudioVersion = 17.1.32328.378
MinimumVisualStudioVersion = 10.0.40219.1
Project("{FAE04EC0-301F-11D3-BF4B-00C04F79EFBC}") = "Class creation", "Class creation.csproj", "{20CE674B-E880-4BD0-A41D-C33358AC3D74}"
EndProject
Global
	GlobalSection(SolutionConfigurationPlatforms) = preSolution
		Debug|Any CPU = Debug|Any CPU
		Release|Any CPU = Release|Any CPU
	EndGlobalSection
	GlobalSection(ProjectConfigurationPlatforms) = postSolution
		{20CE674B-E880-4BD0-A41D-C33358AC3D74}.Debug|Any CPU.ActiveCfg = Debug|Any CPU
		{20CE674B-E880-4BD0-A41D-C33358AC3D74}.Debug|Any CPU.Build.0 = Debug|Any CPU
		{20CE674B-E880-4BD0-A41D-C33358AC3D74}.Release|Any CPU.ActiveCfg = Release|Any CPU
		{20CE674B-E880-4BD0-A41D-C33358AC3D74}.Release|Any CPU.Build.0 = Release|Any CPU
	EndGlobalSection
	GlobalSection(SolutionProperties) = preSolution
		HideSolutionNode = FALSE
	EndGlobalSection
	GlobalSection(ExtensibilityGlobals) = postSolution
		SolutionGuid = {9644034E-401E-4574-AA89-8A8FA09A2E5B}
	EndGlobalSection
EndGlobal
