
Microsoft Visual Studio Solution File, Format Version 12.00
# Visual Studio Version 17
VisualStudioVersion = 17.1.32328.378
MinimumVisualStudioVersion = 10.0.40219.1
Project("{FAE04EC0-301F-11D3-BF4B-00C04F79EFBC}") = "InheritanceRevision", "InheritanceRevision.csproj", "{93AF772E-B61C-4F76-AB7E-F553580F7BF8}"
EndProject
Global
	GlobalSection(SolutionConfigurationPlatforms) = preSolution
		Debug|Any CPU = Debug|Any CPU
		Release|Any CPU = Release|Any CPU
	EndGlobalSection
	GlobalSection(ProjectConfigurationPlatforms) = postSolution
		{93AF772E-B61C-4F76-AB7E-F553580F7BF8}.Debug|Any CPU.ActiveCfg = Debug|Any CPU
		{93AF772E-B61C-4F76-AB7E-F553580F7BF8}.Debug|Any CPU.Build.0 = Debug|Any CPU
		{93AF772E-B61C-4F76-AB7E-F553580F7BF8}.Release|Any CPU.ActiveCfg = Release|Any CPU
		{93AF772E-B61C-4F76-AB7E-F553580F7BF8}.Release|Any CPU.Build.0 = Release|Any CPU
	EndGlobalSection
	GlobalSection(SolutionProperties) = preSolution
		HideSolutionNode = FALSE
	EndGlobalSection
	GlobalSection(ExtensibilityGlobals) = postSolution
		SolutionGuid = {13939799-3DC5-4627-A351-78C12B09DA84}
	EndGlobalSection
EndGlobal
