
Microsoft Visual Studio Solution File, Format Version 12.00
# Visual Studio Version 17
VisualStudioVersion = 17.1.32328.378
MinimumVisualStudioVersion = 10.0.40219.1
Project("{FAE04EC0-301F-11D3-BF4B-00C04F79EFBC}") = "foreach", "foreach.csproj", "{ABE90AED-7AFD-42B8-848E-A5777E6D3C4D}"
EndProject
Global
	GlobalSection(SolutionConfigurationPlatforms) = preSolution
		Debug|Any CPU = Debug|Any CPU
		Release|Any CPU = Release|Any CPU
	EndGlobalSection
	GlobalSection(ProjectConfigurationPlatforms) = postSolution
		{ABE90AED-7AFD-42B8-848E-A5777E6D3C4D}.Debug|Any CPU.ActiveCfg = Debug|Any CPU
		{ABE90AED-7AFD-42B8-848E-A5777E6D3C4D}.Debug|Any CPU.Build.0 = Debug|Any CPU
		{ABE90AED-7AFD-42B8-848E-A5777E6D3C4D}.Release|Any CPU.ActiveCfg = Release|Any CPU
		{ABE90AED-7AFD-42B8-848E-A5777E6D3C4D}.Release|Any CPU.Build.0 = Release|Any CPU
	EndGlobalSection
	GlobalSection(SolutionProperties) = preSolution
		HideSolutionNode = FALSE
	EndGlobalSection
	GlobalSection(ExtensibilityGlobals) = postSolution
		SolutionGuid = {3469A4F1-82A8-4919-ABEE-DC779BBD34A2}
	EndGlobalSection
EndGlobal
