
Microsoft Visual Studio Solution File, Format Version 12.00
# Visual Studio Version 17
VisualStudioVersion = 17.1.32328.378
MinimumVisualStudioVersion = 10.0.40219.1
Project("{FAE04EC0-301F-11D3-BF4B-00C04F79EFBC}") = "Properties", "Properties.csproj", "{5D286502-811B-401E-8634-2E40C82C906E}"
EndProject
Global
	GlobalSection(SolutionConfigurationPlatforms) = preSolution
		Debug|Any CPU = Debug|Any CPU
		Release|Any CPU = Release|Any CPU
	EndGlobalSection
	GlobalSection(ProjectConfigurationPlatforms) = postSolution
		{5D286502-811B-401E-8634-2E40C82C906E}.Debug|Any CPU.ActiveCfg = Debug|Any CPU
		{5D286502-811B-401E-8634-2E40C82C906E}.Debug|Any CPU.Build.0 = Debug|Any CPU
		{5D286502-811B-401E-8634-2E40C82C906E}.Release|Any CPU.ActiveCfg = Release|Any CPU
		{5D286502-811B-401E-8634-2E40C82C906E}.Release|Any CPU.Build.0 = Release|Any CPU
	EndGlobalSection
	GlobalSection(SolutionProperties) = preSolution
		HideSolutionNode = FALSE
	EndGlobalSection
	GlobalSection(ExtensibilityGlobals) = postSolution
		SolutionGuid = {43423797-B85D-48B4-9224-A2001DF86417}
	EndGlobalSection
EndGlobal
