
Microsoft Visual Studio Solution File, Format Version 12.00
# Visual Studio Version 17
VisualStudioVersion = 17.1.32328.378
MinimumVisualStudioVersion = 10.0.40219.1
Project("{FAE04EC0-301F-11D3-BF4B-00C04F79EFBC}") = "PyramidLikeStar", "PyramidLikeStar.csproj", "{5F218B78-A54A-46DD-925D-0C72A4B18BAE}"
EndProject
Global
	GlobalSection(SolutionConfigurationPlatforms) = preSolution
		Debug|Any CPU = Debug|Any CPU
		Release|Any CPU = Release|Any CPU
	EndGlobalSection
	GlobalSection(ProjectConfigurationPlatforms) = postSolution
		{5F218B78-A54A-46DD-925D-0C72A4B18BAE}.Debug|Any CPU.ActiveCfg = Debug|Any CPU
		{5F218B78-A54A-46DD-925D-0C72A4B18BAE}.Debug|Any CPU.Build.0 = Debug|Any CPU
		{5F218B78-A54A-46DD-925D-0C72A4B18BAE}.Release|Any CPU.ActiveCfg = Release|Any CPU
		{5F218B78-A54A-46DD-925D-0C72A4B18BAE}.Release|Any CPU.Build.0 = Release|Any CPU
	EndGlobalSection
	GlobalSection(SolutionProperties) = preSolution
		HideSolutionNode = FALSE
	EndGlobalSection
	GlobalSection(ExtensibilityGlobals) = postSolution
		SolutionGuid = {8942FF88-717E-46D8-8654-A725C6917AF6}
	EndGlobalSection
EndGlobal
